
Microsoft Visual Studio Solution File, Format Version 12.00
# Visual Studio Version 16
VisualStudioVersion = 16.0.32002.261
MinimumVisualStudioVersion = 10.0.40219.1
Project("{FAE04EC0-301F-11D3-BF4B-00C04F79EFBC}") = "Lab_19_Wpf_Home_1", "Lab_19_Wpf_Home_1\Lab_19_Wpf_Home_1.csproj", "{1CD21582-C526-4C43-8B61-95FEDBF1FE2D}"
EndProject
Global
	GlobalSection(SolutionConfigurationPlatforms) = preSolution
		Debug|Any CPU = Debug|Any CPU
		Release|Any CPU = Release|Any CPU
	EndGlobalSection
	GlobalSection(ProjectConfigurationPlatforms) = postSolution
		{1CD21582-C526-4C43-8B61-95FEDBF1FE2D}.Debug|Any CPU.ActiveCfg = Debug|Any CPU
		{1CD21582-C526-4C43-8B61-95FEDBF1FE2D}.Debug|Any CPU.Build.0 = Debug|Any CPU
		{1CD21582-C526-4C43-8B61-95FEDBF1FE2D}.Release|Any CPU.ActiveCfg = Release|Any CPU
		{1CD21582-C526-4C43-8B61-95FEDBF1FE2D}.Release|Any CPU.Build.0 = Release|Any CPU
	EndGlobalSection
	GlobalSection(SolutionProperties) = preSolution
		HideSolutionNode = FALSE
	EndGlobalSection
	GlobalSection(ExtensibilityGlobals) = postSolution
		SolutionGuid = {94723BD6-B885-433F-A8BE-7337B199682D}
	EndGlobalSection
EndGlobal
